
Microsoft Visual Studio Solution File, Format Version 12.00
Project("{FAE04EC0-301F-11D3-BF4B-00C04F79EFBC}") = "Empresa-Empleados", "Empresa-Empleados\Empresa-Empleados.csproj", "{AC5FBFEA-A120-48E1-9AF9-7B0517850356}"
EndProject
Global
	GlobalSection(SolutionConfigurationPlatforms) = preSolution
		Debug|Any CPU = Debug|Any CPU
		Release|Any CPU = Release|Any CPU
	EndGlobalSection
	GlobalSection(ProjectConfigurationPlatforms) = postSolution
		{AC5FBFEA-A120-48E1-9AF9-7B0517850356}.Debug|Any CPU.ActiveCfg = Debug|Any CPU
		{AC5FBFEA-A120-48E1-9AF9-7B0517850356}.Debug|Any CPU.Build.0 = Debug|Any CPU
		{AC5FBFEA-A120-48E1-9AF9-7B0517850356}.Release|Any CPU.ActiveCfg = Release|Any CPU
		{AC5FBFEA-A120-48E1-9AF9-7B0517850356}.Release|Any CPU.Build.0 = Release|Any CPU
	EndGlobalSection
EndGlobal
