
Microsoft Visual Studio Solution File, Format Version 12.00
Project("{FAE04EC0-301F-11D3-BF4B-00C04F79EFBC}") = "Carrito-Compras", "Carrito-Compras\Carrito-Compras.csproj", "{56E9B1BD-B97A-4F90-AB75-B0DE897866F8}"
EndProject
Global
	GlobalSection(SolutionConfigurationPlatforms) = preSolution
		Debug|Any CPU = Debug|Any CPU
		Release|Any CPU = Release|Any CPU
	EndGlobalSection
	GlobalSection(ProjectConfigurationPlatforms) = postSolution
		{56E9B1BD-B97A-4F90-AB75-B0DE897866F8}.Debug|Any CPU.ActiveCfg = Debug|Any CPU
		{56E9B1BD-B97A-4F90-AB75-B0DE897866F8}.Debug|Any CPU.Build.0 = Debug|Any CPU
		{56E9B1BD-B97A-4F90-AB75-B0DE897866F8}.Release|Any CPU.ActiveCfg = Release|Any CPU
		{56E9B1BD-B97A-4F90-AB75-B0DE897866F8}.Release|Any CPU.Build.0 = Release|Any CPU
	EndGlobalSection
EndGlobal
